
Microsoft Visual Studio Solution File, Format Version 12.00
# Visual Studio Version 16
VisualStudioVersion = 16.0.32002.261
MinimumVisualStudioVersion = 10.0.40219.1
Project("{FAE04EC0-301F-11D3-BF4B-00C04F79EFBC}") = "FirstOfAll", "FirstOfAll\FirstOfAll.csproj", "{118DD6E3-D7FB-485F-B963-0E6B096D8037}"
EndProject
Global
	GlobalSection(SolutionConfigurationPlatforms) = preSolution
		Debug|Any CPU = Debug|Any CPU
		Release|Any CPU = Release|Any CPU
	EndGlobalSection
	GlobalSection(ProjectConfigurationPlatforms) = postSolution
		{118DD6E3-D7FB-485F-B963-0E6B096D8037}.Debug|Any CPU.ActiveCfg = Debug|Any CPU
		{118DD6E3-D7FB-485F-B963-0E6B096D8037}.Debug|Any CPU.Build.0 = Debug|Any CPU
		{118DD6E3-D7FB-485F-B963-0E6B096D8037}.Release|Any CPU.ActiveCfg = Release|Any CPU
		{118DD6E3-D7FB-485F-B963-0E6B096D8037}.Release|Any CPU.Build.0 = Release|Any CPU
	EndGlobalSection
	GlobalSection(SolutionProperties) = preSolution
		HideSolutionNode = FALSE
	EndGlobalSection
	GlobalSection(ExtensibilityGlobals) = postSolution
		SolutionGuid = {FC5F457F-2B32-4776-BCF7-2180F9447B8C}
	EndGlobalSection
EndGlobal
